
Microsoft Visual Studio Solution File, Format Version 12.00
# Visual Studio 15
VisualStudioVersion = 15.0.27130.2020
MinimumVisualStudioVersion = 10.0.40219.1
Project("{FAE04EC0-301F-11D3-BF4B-00C04F79EFBC}") = "StudyAssistant.Data", "StudyAssistant.Data\StudyAssistant.Data.csproj", "{933D87E7-FCAB-4D6C-B79E-D4A1B9C75A34}"
EndProject
Project("{9A19103F-16F7-4668-BE54-9A1E7A4F7556}") = "StudyAssistant.Model", "StudyAssistant.Model\StudyAssistant.Model.csproj", "{888E9239-8015-432D-8793-40327F5F6DA6}"
EndProject
Project("{9A19103F-16F7-4668-BE54-9A1E7A4F7556}") = "StudyAssistant.Service", "StudyAssistant.Service\StudyAssistant.Service.csproj", "{0DF260CD-B0C9-4AE2-9A0C-A728D11E0E42}"
EndProject
Project("{FAE04EC0-301F-11D3-BF4B-00C04F79EFBC}") = "StudentAssistant.Contracts", "StudentAssistant.Contracts\StudentAssistant.Contracts.csproj", "{85B846D3-B428-4259-A7C5-90CCB57C183E}"
EndProject
Project("{FAE04EC0-301F-11D3-BF4B-00C04F79EFBC}") = "StudyAssistantMVC", "StudyAssistantMVC\StudyAssistantMVC.csproj", "{A030EE5B-ED37-4AB2-BDAC-E166BE671E09}"
EndProject
Global
	GlobalSection(SolutionConfigurationPlatforms) = preSolution
		Debug|Any CPU = Debug|Any CPU
		Release|Any CPU = Release|Any CPU
	EndGlobalSection
	GlobalSection(ProjectConfigurationPlatforms) = postSolution
		{933D87E7-FCAB-4D6C-B79E-D4A1B9C75A34}.Debug|Any CPU.ActiveCfg = Debug|Any CPU
		{933D87E7-FCAB-4D6C-B79E-D4A1B9C75A34}.Debug|Any CPU.Build.0 = Debug|Any CPU
		{933D87E7-FCAB-4D6C-B79E-D4A1B9C75A34}.Release|Any CPU.ActiveCfg = Release|Any CPU
		{933D87E7-FCAB-4D6C-B79E-D4A1B9C75A34}.Release|Any CPU.Build.0 = Release|Any CPU
		{888E9239-8015-432D-8793-40327F5F6DA6}.Debug|Any CPU.ActiveCfg = Debug|Any CPU
		{888E9239-8015-432D-8793-40327F5F6DA6}.Debug|Any CPU.Build.0 = Debug|Any CPU
		{888E9239-8015-432D-8793-40327F5F6DA6}.Release|Any CPU.ActiveCfg = Release|Any CPU
		{888E9239-8015-432D-8793-40327F5F6DA6}.Release|Any CPU.Build.0 = Release|Any CPU
		{0DF260CD-B0C9-4AE2-9A0C-A728D11E0E42}.Debug|Any CPU.ActiveCfg = Debug|Any CPU
		{0DF260CD-B0C9-4AE2-9A0C-A728D11E0E42}.Debug|Any CPU.Build.0 = Debug|Any CPU
		{0DF260CD-B0C9-4AE2-9A0C-A728D11E0E42}.Release|Any CPU.ActiveCfg = Release|Any CPU
		{0DF260CD-B0C9-4AE2-9A0C-A728D11E0E42}.Release|Any CPU.Build.0 = Release|Any CPU
		{85B846D3-B428-4259-A7C5-90CCB57C183E}.Debug|Any CPU.ActiveCfg = Debug|Any CPU
		{85B846D3-B428-4259-A7C5-90CCB57C183E}.Debug|Any CPU.Build.0 = Debug|Any CPU
		{85B846D3-B428-4259-A7C5-90CCB57C183E}.Release|Any CPU.ActiveCfg = Release|Any CPU
		{85B846D3-B428-4259-A7C5-90CCB57C183E}.Release|Any CPU.Build.0 = Release|Any CPU
		{A030EE5B-ED37-4AB2-BDAC-E166BE671E09}.Debug|Any CPU.ActiveCfg = Debug|Any CPU
		{A030EE5B-ED37-4AB2-BDAC-E166BE671E09}.Debug|Any CPU.Build.0 = Debug|Any CPU
		{A030EE5B-ED37-4AB2-BDAC-E166BE671E09}.Release|Any CPU.ActiveCfg = Release|Any CPU
		{A030EE5B-ED37-4AB2-BDAC-E166BE671E09}.Release|Any CPU.Build.0 = Release|Any CPU
	EndGlobalSection
	GlobalSection(SolutionProperties) = preSolution
		HideSolutionNode = FALSE
	EndGlobalSection
	GlobalSection(ExtensibilityGlobals) = postSolution
		SolutionGuid = {45D17021-ACD1-4671-916E-FEA31FC57EB0}
	EndGlobalSection
EndGlobal
